{
  "version": 4,
  "terraform_version": "1.3.7",
  "serial": 13,
  "lineage": "caf92c5e-c2f1-9912-227b-f9ea0957cb7f",
  "outputs": {},
  "resources": [
    {
      "mode": "managed",
      "type": "local_file",
      "name": "games",
      "provider": "provider[\"registry.terraform.io/hashicorp/local\"]",
      "instances": [
        {
          "schema_version": 0,
          "attributes": {
            "content": "My Favourite pet is Mr.camel",
            "content_base64": null,
            "directory_permission": "0777",
            "file_permission": "0777",
            "filename": "./test3.txt",
            "id": "3eb86446ac8a237edfcc7b5a121f4c584b369bc2",
            "sensitive_content": null,
            "source": null
          },
          "sensitive_attributes": [],
          "dependencies": [
            "random_pet.my-pet"
          ]
        }
      ]
    },
    {
      "mode": "managed",
      "type": "random_pet",
      "name": "my-pet",
      "provider": "provider[\"registry.terraform.io/hashicorp/random\"]",
      "instances": [
        {
          "schema_version": 0,
          "attributes": {
            "id": "Mr.camel",
            "keepers": null,
            "length": 1,
            "prefix": "Mr",
            "separator": "."
          },
          "sensitive_attributes": []
        }
      ]
    }
  ],
  "check_results": null
}
