{
  "version": 4,
  "terraform_version": "1.3.7",
  "serial": 10,
  "lineage": "caf92c5e-c2f1-9912-227b-f9ea0957cb7f",
  "outputs": {},
  "resources": [
    {
      "mode": "managed",
      "type": "local_file",
      "name": "games",
      "provider": "provider[\"registry.terraform.io/hashicorp/local\"]",
      "instances": [
        {
          "schema_version": 0,
          "attributes": {
            "content": "using tfvars test",
            "content_base64": null,
            "directory_permission": "0777",
            "file_permission": "0777",
            "filename": "./test3.txt",
            "id": "cf9d84bab7d356fed01add13869cc6cab33417e1",
            "sensitive_content": null,
            "source": null
          },
          "sensitive_attributes": []
        }
      ]
    }
  ],
  "check_results": null
}
